
Microsoft Visual Studio Solution File, Format Version 12.00
# Visual Studio 2012
Project("{FAE04EC0-301F-11D3-BF4B-00C04F79EFBC}") = "LabCheck", "LabCheck\LabCheck.csproj", "{3E93F4EF-1CCC-432A-89BA-886D8E77C09C}"
EndProject
Global
	GlobalSection(TeamFoundationVersionControl) = preSolution
		SccNumberOfProjects = 2
		SccEnterpriseProvider = {4CA58AB2-18FA-4F8D-95D4-32DDF27D184C}
		SccTeamFoundationServer = https://mobiledawg.visualstudio.com/defaultcollection
		SccLocalPath0 = .
		SccProjectUniqueName1 = LabCheck\\LabCheck.csproj
		SccProjectName1 = LabCheck
		SccLocalPath1 = LabCheck
	EndGlobalSection
	GlobalSection(SolutionConfigurationPlatforms) = preSolution
		Debug|Any CPU = Debug|Any CPU
		Release|Any CPU = Release|Any CPU
	EndGlobalSection
	GlobalSection(ProjectConfigurationPlatforms) = postSolution
		{3E93F4EF-1CCC-432A-89BA-886D8E77C09C}.Debug|Any CPU.ActiveCfg = Debug|Any CPU
		{3E93F4EF-1CCC-432A-89BA-886D8E77C09C}.Debug|Any CPU.Build.0 = Debug|Any CPU
		{3E93F4EF-1CCC-432A-89BA-886D8E77C09C}.Release|Any CPU.ActiveCfg = Release|Any CPU
		{3E93F4EF-1CCC-432A-89BA-886D8E77C09C}.Release|Any CPU.Build.0 = Release|Any CPU
	EndGlobalSection
	GlobalSection(SolutionProperties) = preSolution
		HideSolutionNode = FALSE
	EndGlobalSection
EndGlobal
